// !$*UTF8*$!
{
	archiveVersion = 1;
	classes = {
	};
	objectVersion = 60;
	objects = {

/* Begin PBXBuildFile section */
		87BF14DD2CB4690900E19C22 /* CashInOut in Frameworks */ = {isa = PBXBuildFile; productRef = 87BF14DC2CB4690900E19C22 /* CashInOut */; };
		AB94100454E7F1A23EFFFC4A /* Preview Assets.xcassets in Resources */ = {isa = PBXBuildFile; fileRef = 11819A502D78EAB4BA9269BF /* Preview Assets.xcassets */; };
		C990FD2AE0E629A2BD98E39B /* Assets.xcassets in Resources */ = {isa = PBXBuildFile; fileRef = 63F73E61E3D6F53B3C7197DA /* Assets.xcassets */; };
		FC5F3BE3338322CC5823FC8E /* ContentView.swift in Sources */ = {isa = PBXBuildFile; fileRef = 0CC761C81EDE7410C386B253 /* ContentView.swift */; };
		FFFB8DD5C55D0FDDB9A09F81 /* CashInOutDemo.swift in Sources */ = {isa = PBXBuildFile; fileRef = B289B2735AA6C49C987D7AC6 /* CashInOutDemo.swift */; };
/* End PBXBuildFile section */

/* Begin PBXFileReference section */
		0CC761C81EDE7410C386B253 /* ContentView.swift */ = {isa = PBXFileReference; lastKnownFileType = sourcecode.swift; path = ContentView.swift; sourceTree = "<group>"; };
		11819A502D78EAB4BA9269BF /* Preview Assets.xcassets */ = {isa = PBXFileReference; lastKnownFileType = folder.assetcatalog; path = "Preview Assets.xcassets"; sourceTree = "<group>"; };
		33B0776278B40EDB68A49324 /* CashInOutDemo.app */ = {isa = PBXFileReference; explicitFileType = wrapper.application; includeInIndex = 0; path = CashInOutDemo.app; sourceTree = BUILT_PRODUCTS_DIR; };
		63F73E61E3D6F53B3C7197DA /* Assets.xcassets */ = {isa = PBXFileReference; lastKnownFileType = folder.assetcatalog; path = Assets.xcassets; sourceTree = "<group>"; };
		951B83C10DEC46AE6ABBAF4B /* CashInOutDemo.entitlements */ = {isa = PBXFileReference; lastKnownFileType = text.plist.entitlements; path = CashInOutDemo.entitlements; sourceTree = "<group>"; };
		B289B2735AA6C49C987D7AC6 /* CashInOutDemo.swift */ = {isa = PBXFileReference; lastKnownFileType = sourcecode.swift; path = CashInOutDemo.swift; sourceTree = "<group>"; };
/* End PBXFileReference section */

/* Begin PBXFrameworksBuildPhase section */
		87BF14DB2CB468E500E19C22 /* Frameworks */ = {
			isa = PBXFrameworksBuildPhase;
			buildActionMask = 2147483647;
			files = (
				87BF14DD2CB4690900E19C22 /* CashInOut in Frameworks */,
			);
			runOnlyForDeploymentPostprocessing = 0;
		};
/* End PBXFrameworksBuildPhase section */

/* Begin PBXGroup section */
		36399723E184BB76F1BA1F75 /* Preview Content */ = {
			isa = PBXGroup;
			children = (
				11819A502D78EAB4BA9269BF /* Preview Assets.xcassets */,
			);
			path = "Preview Content";
			sourceTree = "<group>";
		};
		68F667BEAEC7E947F9998BB1 /* Resources */ = {
			isa = PBXGroup;
			children = (
				63F73E61E3D6F53B3C7197DA /* Assets.xcassets */,
			);
			path = Resources;
			sourceTree = "<group>";
		};
		6AA2CD7063FBB1338F011351 /* CashInOutDemo */ = {
			isa = PBXGroup;
			children = (
				951B83C10DEC46AE6ABBAF4B /* CashInOutDemo.entitlements */,
				B289B2735AA6C49C987D7AC6 /* CashInOutDemo.swift */,
				0CC761C81EDE7410C386B253 /* ContentView.swift */,
				36399723E184BB76F1BA1F75 /* Preview Content */,
				68F667BEAEC7E947F9998BB1 /* Resources */,
			);
			path = CashInOutDemo;
			sourceTree = "<group>";
		};
		74DA33FC4DED1866057B6188 /* Products */ = {
			isa = PBXGroup;
			children = (
				33B0776278B40EDB68A49324 /* CashInOutDemo.app */,
			);
			name = Products;
			sourceTree = "<group>";
		};
		9D20BB0865080171F470B58A = {
			isa = PBXGroup;
			children = (
				ECE7BBB2670FA69B3DCD4DF1 /* CashInOut */,
				74DA33FC4DED1866057B6188 /* Products */,
			);
			sourceTree = "<group>";
		};
		ECE7BBB2670FA69B3DCD4DF1 /* CashInOut */ = {
			isa = PBXGroup;
			children = (
				6AA2CD7063FBB1338F011351 /* CashInOutDemo */,
			);
			name = CashInOut;
			path = ..;
			sourceTree = "<group>";
		};
/* End PBXGroup section */

/* Begin PBXNativeTarget section */
		8AD0634F28FB313DA4F16707 /* CashInOutDemo */ = {
			isa = PBXNativeTarget;
			buildConfigurationList = 73BF045F7E5CE8C6FC76428A /* Build configuration list for PBXNativeTarget "CashInOutDemo" */;
			buildPhases = (
				700BFE9D37F41467A46AE40B /* Sources */,
				66EDDBDEFDF32839C24C25EF /* Run Script */,
				5B5C71462FA72888FA0644E8 /* Resources */,
				87BF14DB2CB468E500E19C22 /* Frameworks */,
			);
			buildRules = (
			);
			dependencies = (
			);
			name = CashInOutDemo;
			packageProductDependencies = (
				87BF14DA2CB468AA00E19C22 /* CashInOut */,
				87BF14DC2CB4690900E19C22 /* CashInOut */,
			);
			productName = CashInOutDemo;
			productReference = 33B0776278B40EDB68A49324 /* CashInOutDemo.app */;
			productType = "com.apple.product-type.application";
		};
/* End PBXNativeTarget section */

/* Begin PBXProject section */
		3501ECE7F57FB3D172D75BBD /* Project object */ = {
			isa = PBXProject;
			attributes = {
				BuildIndependentTargetsInParallel = YES;
				LastUpgradeCheck = 1430;
			};
			buildConfigurationList = C89ADE6C3DC491038CC5A219 /* Build configuration list for PBXProject "CashInOutDemo" */;
			compatibilityVersion = "Xcode 14.0";
			developmentRegion = en;
			hasScannedForEncodings = 0;
			knownRegions = (
				Base,
				en,
			);
			mainGroup = 9D20BB0865080171F470B58A;
			packageReferences = (
				87BF14D92CB468AA00E19C22 /* XCLocalSwiftPackageReference ".." */,
			);
			projectDirPath = "";
			projectRoot = "";
			targets = (
				8AD0634F28FB313DA4F16707 /* CashInOutDemo */,
			);
		};
/* End PBXProject section */

/* Begin PBXResourcesBuildPhase section */
		5B5C71462FA72888FA0644E8 /* Resources */ = {
			isa = PBXResourcesBuildPhase;
			buildActionMask = 2147483647;
			files = (
				C990FD2AE0E629A2BD98E39B /* Assets.xcassets in Resources */,
				AB94100454E7F1A23EFFFC4A /* Preview Assets.xcassets in Resources */,
			);
			runOnlyForDeploymentPostprocessing = 0;
		};
/* End PBXResourcesBuildPhase section */

/* Begin PBXShellScriptBuildPhase section */
		66EDDBDEFDF32839C24C25EF /* Run Script */ = {
			isa = PBXShellScriptBuildPhase;
			buildActionMask = 2147483647;
			files = (
			);
			inputFileListPaths = (
			);
			inputPaths = (
			);
			name = "Run Script";
			outputFileListPaths = (
			);
			outputPaths = (
			);
			runOnlyForDeploymentPostprocessing = 0;
			shellPath = /bin/sh;
			shellScript = "cd ../CashInOut\nif which swiftlint >/dev/null; then\n    swiftlint\nelse\necho \"warning: SwiftLint not installed, 'brew install swiftlint' or download from https://github.com/realm/SwiftLint\"\nfi\n";
		};
/* End PBXShellScriptBuildPhase section */

/* Begin PBXSourcesBuildPhase section */
		700BFE9D37F41467A46AE40B /* Sources */ = {
			isa = PBXSourcesBuildPhase;
			buildActionMask = 2147483647;
			files = (
				FFFB8DD5C55D0FDDB9A09F81 /* CashInOutDemo.swift in Sources */,
				FC5F3BE3338322CC5823FC8E /* ContentView.swift in Sources */,
			);
			runOnlyForDeploymentPostprocessing = 0;
		};
/* End PBXSourcesBuildPhase section */

/* Begin XCBuildConfiguration section */
		0870174325D582B13CA22FAC /* Release */ = {
			isa = XCBuildConfiguration;
			buildSettings = {
				ALWAYS_SEARCH_USER_PATHS = NO;
				CLANG_ANALYZER_NONNULL = YES;
				CLANG_ANALYZER_NUMBER_OBJECT_CONVERSION = YES_AGGRESSIVE;
				CLANG_CXX_LANGUAGE_STANDARD = "gnu++14";
				CLANG_CXX_LIBRARY = "libc++";
				CLANG_ENABLE_MODULES = YES;
				CLANG_ENABLE_OBJC_ARC = YES;
				CLANG_ENABLE_OBJC_WEAK = YES;
				CLANG_WARN_BLOCK_CAPTURE_AUTORELEASING = YES;
				CLANG_WARN_BOOL_CONVERSION = YES;
				CLANG_WARN_COMMA = YES;
				CLANG_WARN_CONSTANT_CONVERSION = YES;
				CLANG_WARN_DEPRECATED_OBJC_IMPLEMENTATIONS = YES;
				CLANG_WARN_DIRECT_OBJC_ISA_USAGE = YES_ERROR;
				CLANG_WARN_DOCUMENTATION_COMMENTS = YES;
				CLANG_WARN_EMPTY_BODY = YES;
				CLANG_WARN_ENUM_CONVERSION = YES;
				CLANG_WARN_INFINITE_RECURSION = YES;
				CLANG_WARN_INT_CONVERSION = YES;
				CLANG_WARN_NON_LITERAL_NULL_CONVERSION = YES;
				CLANG_WARN_OBJC_IMPLICIT_RETAIN_SELF = YES;
				CLANG_WARN_OBJC_LITERAL_CONVERSION = YES;
				CLANG_WARN_OBJC_ROOT_CLASS = YES_ERROR;
				CLANG_WARN_QUOTED_INCLUDE_IN_FRAMEWORK_HEADER = YES;
				CLANG_WARN_RANGE_LOOP_ANALYSIS = YES;
				CLANG_WARN_STRICT_PROTOTYPES = YES;
				CLANG_WARN_SUSPICIOUS_MOVE = YES;
				CLANG_WARN_UNGUARDED_AVAILABILITY = YES_AGGRESSIVE;
				CLANG_WARN_UNREACHABLE_CODE = YES;
				CLANG_WARN__DUPLICATE_METHOD_MATCH = YES;
				CODE_SIGN_ENTITLEMENTS = CashInOutDemo.entitlements;
				COPY_PHASE_STRIP = NO;
				CURRENT_PROJECT_VERSION = 1.0.0;
				DEBUG_INFORMATION_FORMAT = "dwarf-with-dsym";
				ENABLE_NS_ASSERTIONS = NO;
				ENABLE_STRICT_OBJC_MSGSEND = YES;
				GCC_C_LANGUAGE_STANDARD = gnu11;
				GCC_NO_COMMON_BLOCKS = YES;
				GCC_WARN_64_TO_32_BIT_CONVERSION = YES;
				GCC_WARN_ABOUT_RETURN_TYPE = YES_ERROR;
				GCC_WARN_UNDECLARED_SELECTOR = YES;
				GCC_WARN_UNINITIALIZED_AUTOS = YES_AGGRESSIVE;
				GCC_WARN_UNUSED_FUNCTION = YES;
				GCC_WARN_UNUSED_VARIABLE = YES;
				GENERATE_INFOPLIST_FILE = YES;
				IPHONEOS_DEPLOYMENT_TARGET = 16.0;
				MARKETING_VERSION = 1.0.0;
				MTL_ENABLE_DEBUG_INFO = NO;
				MTL_FAST_MATH = YES;
				PRODUCT_NAME = CashInOutDemo;
				SDKROOT = iphoneos;
				SWIFT_COMPILATION_MODE = wholemodule;
				SWIFT_OPTIMIZATION_LEVEL = "-O";
				SWIFT_VERSION = 5.0;
			};
			name = Release;
		};
		18F28DA6AA64DFA805C91A43 /* Release */ = {
			isa = XCBuildConfiguration;
			buildSettings = {
				ASSETCATALOG_COMPILER_APPICON_NAME = AppIcon;
				CODE_SIGN_IDENTITY = "iPhone Developer";
				INFOPLIST_KEY_UILaunchScreen_Generation = YES;
				INFOPLIST_KEY_UIRequiresFullScreen = YES;
				IPHONEOS_DEPLOYMENT_TARGET = 17.0;
				LD_RUNPATH_SEARCH_PATHS = (
					"$(inherited)",
					"@executable_path/Frameworks",
				);
				PRODUCT_BUNDLE_IDENTIFIER = com.test.CashInOutDemo;
				SDKROOT = iphoneos;
				TARGETED_DEVICE_FAMILY = "1,2";
			};
			name = Release;
		};
		70B5CBD4EF34B86984FC9143 /* Debug */ = {
			isa = XCBuildConfiguration;
			buildSettings = {
				ASSETCATALOG_COMPILER_APPICON_NAME = AppIcon;
				CODE_SIGN_IDENTITY = "iPhone Developer";
				INFOPLIST_KEY_UILaunchScreen_Generation = YES;
				INFOPLIST_KEY_UIRequiresFullScreen = YES;
				IPHONEOS_DEPLOYMENT_TARGET = 17.0;
				LD_RUNPATH_SEARCH_PATHS = (
					"$(inherited)",
					"@executable_path/Frameworks",
				);
				PRODUCT_BUNDLE_IDENTIFIER = com.test.CashInOutDemo;
				SDKROOT = iphoneos;
				TARGETED_DEVICE_FAMILY = "1,2";
			};
			name = Debug;
		};
		BF683F00C1C4F1C6E471F98F /* Debug */ = {
			isa = XCBuildConfiguration;
			buildSettings = {
				ALWAYS_SEARCH_USER_PATHS = NO;
				CLANG_ANALYZER_NONNULL = YES;
				CLANG_ANALYZER_NUMBER_OBJECT_CONVERSION = YES_AGGRESSIVE;
				CLANG_CXX_LANGUAGE_STANDARD = "gnu++14";
				CLANG_CXX_LIBRARY = "libc++";
				CLANG_ENABLE_MODULES = YES;
				CLANG_ENABLE_OBJC_ARC = YES;
				CLANG_ENABLE_OBJC_WEAK = YES;
				CLANG_WARN_BLOCK_CAPTURE_AUTORELEASING = YES;
				CLANG_WARN_BOOL_CONVERSION = YES;
				CLANG_WARN_COMMA = YES;
				CLANG_WARN_CONSTANT_CONVERSION = YES;
				CLANG_WARN_DEPRECATED_OBJC_IMPLEMENTATIONS = YES;
				CLANG_WARN_DIRECT_OBJC_ISA_USAGE = YES_ERROR;
				CLANG_WARN_DOCUMENTATION_COMMENTS = YES;
				CLANG_WARN_EMPTY_BODY = YES;
				CLANG_WARN_ENUM_CONVERSION = YES;
				CLANG_WARN_INFINITE_RECURSION = YES;
				CLANG_WARN_INT_CONVERSION = YES;
				CLANG_WARN_NON_LITERAL_NULL_CONVERSION = YES;
				CLANG_WARN_OBJC_IMPLICIT_RETAIN_SELF = YES;
				CLANG_WARN_OBJC_LITERAL_CONVERSION = YES;
				CLANG_WARN_OBJC_ROOT_CLASS = YES_ERROR;
				CLANG_WARN_QUOTED_INCLUDE_IN_FRAMEWORK_HEADER = YES;
				CLANG_WARN_RANGE_LOOP_ANALYSIS = YES;
				CLANG_WARN_STRICT_PROTOTYPES = YES;
				CLANG_WARN_SUSPICIOUS_MOVE = YES;
				CLANG_WARN_UNGUARDED_AVAILABILITY = YES_AGGRESSIVE;
				CLANG_WARN_UNREACHABLE_CODE = YES;
				CLANG_WARN__DUPLICATE_METHOD_MATCH = YES;
				CODE_SIGN_ENTITLEMENTS = CashInOutDemo.entitlements;
				COPY_PHASE_STRIP = NO;
				CURRENT_PROJECT_VERSION = 1.0.0;
				DEBUG_INFORMATION_FORMAT = dwarf;
				ENABLE_STRICT_OBJC_MSGSEND = YES;
				ENABLE_TESTABILITY = YES;
				GCC_C_LANGUAGE_STANDARD = gnu11;
				GCC_DYNAMIC_NO_PIC = NO;
				GCC_NO_COMMON_BLOCKS = YES;
				GCC_OPTIMIZATION_LEVEL = 0;
				GCC_PREPROCESSOR_DEFINITIONS = (
					"$(inherited)",
					"DEBUG=1",
				);
				GCC_WARN_64_TO_32_BIT_CONVERSION = YES;
				GCC_WARN_ABOUT_RETURN_TYPE = YES_ERROR;
				GCC_WARN_UNDECLARED_SELECTOR = YES;
				GCC_WARN_UNINITIALIZED_AUTOS = YES_AGGRESSIVE;
				GCC_WARN_UNUSED_FUNCTION = YES;
				GCC_WARN_UNUSED_VARIABLE = YES;
				GENERATE_INFOPLIST_FILE = YES;
				IPHONEOS_DEPLOYMENT_TARGET = 16.0;
				MARKETING_VERSION = 1.0.0;
				MTL_ENABLE_DEBUG_INFO = INCLUDE_SOURCE;
				MTL_FAST_MATH = YES;
				ONLY_ACTIVE_ARCH = YES;
				PRODUCT_NAME = CashInOutDemo;
				SDKROOT = iphoneos;
				SWIFT_ACTIVE_COMPILATION_CONDITIONS = DEBUG;
				SWIFT_OPTIMIZATION_LEVEL = "-Onone";
				SWIFT_VERSION = 5.0;
			};
			name = Debug;
		};
/* End XCBuildConfiguration section */

/* Begin XCConfigurationList section */
		73BF045F7E5CE8C6FC76428A /* Build configuration list for PBXNativeTarget "CashInOutDemo" */ = {
			isa = XCConfigurationList;
			buildConfigurations = (
				70B5CBD4EF34B86984FC9143 /* Debug */,
				18F28DA6AA64DFA805C91A43 /* Release */,
			);
			defaultConfigurationIsVisible = 0;
			defaultConfigurationName = Debug;
		};
		C89ADE6C3DC491038CC5A219 /* Build configuration list for PBXProject "CashInOutDemo" */ = {
			isa = XCConfigurationList;
			buildConfigurations = (
				BF683F00C1C4F1C6E471F98F /* Debug */,
				0870174325D582B13CA22FAC /* Release */,
			);
			defaultConfigurationIsVisible = 0;
			defaultConfigurationName = Debug;
		};
/* End XCConfigurationList section */

/* Begin XCLocalSwiftPackageReference section */
		87BF14D92CB468AA00E19C22 /* XCLocalSwiftPackageReference ".." */ = {
			isa = XCLocalSwiftPackageReference;
			relativePath = ..;
		};
/* End XCLocalSwiftPackageReference section */

/* Begin XCSwiftPackageProductDependency section */
		87BF14DA2CB468AA00E19C22 /* CashInOut */ = {
			isa = XCSwiftPackageProductDependency;
			productName = CashInOut;
		};
		87BF14DC2CB4690900E19C22 /* CashInOut */ = {
			isa = XCSwiftPackageProductDependency;
			productName = CashInOut;
		};
/* End XCSwiftPackageProductDependency section */
	};
	rootObject = 3501ECE7F57FB3D172D75BBD /* Project object */;
}
